
Microsoft Visual Studio Solution File, Format Version 12.00
# Visual Studio Version 17
VisualStudioVersion = 17.14.36414.22
MinimumVisualStudioVersion = 10.0.40219.1
Project("{FAE04EC0-301F-11D3-BF4B-00C04F79EFBC}") = "GoatSilencerArchitecture", "GoatSilencerArchitecture.csproj", "{F5040D90-2697-4255-A564-5EFBB484254C}"
EndProject
Global
	GlobalSection(SolutionConfigurationPlatforms) = preSolution
		Debug|Any CPU = Debug|Any CPU
		Release|Any CPU = Release|Any CPU
	EndGlobalSection
	GlobalSection(ProjectConfigurationPlatforms) = postSolution
		{F5040D90-2697-4255-A564-5EFBB484254C}.Debug|Any CPU.ActiveCfg = Debug|Any CPU
		{F5040D90-2697-4255-A564-5EFBB484254C}.Debug|Any CPU.Build.0 = Debug|Any CPU
		{F5040D90-2697-4255-A564-5EFBB484254C}.Release|Any CPU.ActiveCfg = Release|Any CPU
		{F5040D90-2697-4255-A564-5EFBB484254C}.Release|Any CPU.Build.0 = Release|Any CPU
	EndGlobalSection
	GlobalSection(SolutionProperties) = preSolution
		HideSolutionNode = FALSE
	EndGlobalSection
	GlobalSection(ExtensibilityGlobals) = postSolution
		SolutionGuid = {4EB4D5AA-9305-42CC-8B4C-0EB5D2B28448}
	EndGlobalSection
EndGlobal
